// !$*UTF8*$!
{
	archiveVersion = 1;
	classes = {
	};
	objectVersion = 56;
	objects = {

/* Begin PBXBuildFile section */
		2E2B00002B8175500074E69D /* GameCenterView.swift in Sources */ = {isa = PBXBuildFile; fileRef = 2E2BFFFF2B8175500074E69D /* GameCenterView.swift */; };
		2E2BFFFD2B81460A0074E69D /* GameCenterManager.swift in Sources */ = {isa = PBXBuildFile; fileRef = 2E2BFFFC2B81460A0074E69D /* GameCenterManager.swift */; };
		2E3E55C02B8E89820045B1FE /* View.swift in Sources */ = {isa = PBXBuildFile; fileRef = 2E3E55BF2B8E89820045B1FE /* View.swift */; };
		2E447EB82B8FF79700173431 /* CubeSelectionView.swift in Sources */ = {isa = PBXBuildFile; fileRef = 2E447EB72B8FF79700173431 /* CubeSelectionView.swift */; };
		2E52F0DF2B6AB7BE009014CF /* GameOverView.swift in Sources */ = {isa = PBXBuildFile; fileRef = 2E52F0DE2B6AB7BE009014CF /* GameOverView.swift */; };
		2E52F0E22B6AC0BE009014CF /* RoundedGradientBorder.swift in Sources */ = {isa = PBXBuildFile; fileRef = 2E52F0E12B6AC0BE009014CF /* RoundedGradientBorder.swift */; };
		2E52F0E52B6AC282009014CF /* CustomButton.swift in Sources */ = {isa = PBXBuildFile; fileRef = 2E52F0E42B6AC282009014CF /* CustomButton.swift */; };
		2E5AD8B52B8D2CBD002FB4FC /* CubeColor.swift in Sources */ = {isa = PBXBuildFile; fileRef = 2E5AD8B42B8D2CBD002FB4FC /* CubeColor.swift */; };
		2E6A25022B6B08BB00FB24DA /* CardStyle.swift in Sources */ = {isa = PBXBuildFile; fileRef = 2E6A25012B6B08BB00FB24DA /* CardStyle.swift */; };
		2E78123C2B66EE4D009CEE78 /* GameState.swift in Sources */ = {isa = PBXBuildFile; fileRef = 2E78123B2B66EE4D009CEE78 /* GameState.swift */; };
		2E7812402B66EFEC009CEE78 /* MenuViewModel.swift in Sources */ = {isa = PBXBuildFile; fileRef = 2E78123F2B66EFEC009CEE78 /* MenuViewModel.swift */; };
		2E8ED5DB2B7C343700526D09 /* CubeAnimation.swift in Sources */ = {isa = PBXBuildFile; fileRef = 2E8ED5DA2B7C343700526D09 /* CubeAnimation.swift */; };
		2E97E7F12B86B13600839866 /* TapGestureManager.swift in Sources */ = {isa = PBXBuildFile; fileRef = 2E97E7F02B86B13600839866 /* TapGestureManager.swift */; };
		2E99A0682B87D2C9008EAF43 /* VerticalLine.swift in Sources */ = {isa = PBXBuildFile; fileRef = 2E99A0672B87D2C9008EAF43 /* VerticalLine.swift */; };
		2E9ACA872B699D3D0090245B /* DeadZoneNode.swift in Sources */ = {isa = PBXBuildFile; fileRef = 2E9ACA862B699D3D0090245B /* DeadZoneNode.swift */; };
		2E9EC6612B795AB800141568 /* CubeNodeViewRepresentable.swift in Sources */ = {isa = PBXBuildFile; fileRef = 2E9EC6602B795AB800141568 /* CubeNodeViewRepresentable.swift */; };
		2E9EC6632B795D6800141568 /* PlayerCubeView.swift in Sources */ = {isa = PBXBuildFile; fileRef = 2E9EC6622B795D6800141568 /* PlayerCubeView.swift */; };
		2EA0A1572B8020D30014AE22 /* CubesManager.swift in Sources */ = {isa = PBXBuildFile; fileRef = 2EA0A1562B8020D30014AE22 /* CubesManager.swift */; };
		2EA119D82B76D5F400F4B481 /* AmbientLightNode.swift in Sources */ = {isa = PBXBuildFile; fileRef = 2EA119D72B76D5F400F4B481 /* AmbientLightNode.swift */; };
		2EA199B42B8E55CC009A42D0 /* UserProgressView.swift in Sources */ = {isa = PBXBuildFile; fileRef = 2EA199B32B8E55CC009A42D0 /* UserProgressView.swift */; };
		2EA341C42B68592D0046DE5A /* PlayerCubeNode.swift in Sources */ = {isa = PBXBuildFile; fileRef = 2EA341C32B68592C0046DE5A /* PlayerCubeNode.swift */; };
		2EA8946E2B8FEF9C0020D8DF /* CubeView.swift in Sources */ = {isa = PBXBuildFile; fileRef = 2EA8946D2B8FEF9C0020D8DF /* CubeView.swift */; };
		2EADDD2A2B66924000D724BF /* CubeDropApp.swift in Sources */ = {isa = PBXBuildFile; fileRef = 2EADDD292B66924000D724BF /* CubeDropApp.swift */; };
		2EADDD2C2B66924000D724BF /* ContentView.swift in Sources */ = {isa = PBXBuildFile; fileRef = 2EADDD2B2B66924000D724BF /* ContentView.swift */; };
		2EADDD2E2B66924300D724BF /* Assets.xcassets in Resources */ = {isa = PBXBuildFile; fileRef = 2EADDD2D2B66924300D724BF /* Assets.xcassets */; };
		2EADDD312B66924300D724BF /* Preview Assets.xcassets in Resources */ = {isa = PBXBuildFile; fileRef = 2EADDD302B66924300D724BF /* Preview Assets.xcassets */; };
		2EADDD472B66950B00D724BF /* GameView.swift in Sources */ = {isa = PBXBuildFile; fileRef = 2EADDD462B66950B00D724BF /* GameView.swift */; };
		2EADDD492B66952600D724BF /* GameViewControllerWrapper.swift in Sources */ = {isa = PBXBuildFile; fileRef = 2EADDD482B66952600D724BF /* GameViewControllerWrapper.swift */; };
		2EADDD4C2B66977900D724BF /* GameViewController.swift in Sources */ = {isa = PBXBuildFile; fileRef = 2EADDD4B2B66977900D724BF /* GameViewController.swift */; };
		2EADDD512B6697A900D724BF /* TileManager.swift in Sources */ = {isa = PBXBuildFile; fileRef = 2EADDD4E2B6697A900D724BF /* TileManager.swift */; };
		2EADDD532B6697A900D724BF /* SwipeGestureManager.swift in Sources */ = {isa = PBXBuildFile; fileRef = 2EADDD502B6697A900D724BF /* SwipeGestureManager.swift */; };
		2EADDD562B6697C400D724BF /* TileCoordinates.swift in Sources */ = {isa = PBXBuildFile; fileRef = 2EADDD552B6697C400D724BF /* TileCoordinates.swift */; };
		2EADDD5D2B6697E500D724BF /* TileNode.swift in Sources */ = {isa = PBXBuildFile; fileRef = 2EADDD592B6697E500D724BF /* TileNode.swift */; };
		2EADDD5E2B6697E500D724BF /* CameraNode.swift in Sources */ = {isa = PBXBuildFile; fileRef = 2EADDD5A2B6697E500D724BF /* CameraNode.swift */; };
		2EADDD5F2B6697E500D724BF /* DirectionalLightNode.swift in Sources */ = {isa = PBXBuildFile; fileRef = 2EADDD5B2B6697E500D724BF /* DirectionalLightNode.swift */; };
		2EADDD612B66981C00D724BF /* Utils.swift in Sources */ = {isa = PBXBuildFile; fileRef = 2EADDD602B66981C00D724BF /* Utils.swift */; };
		2EADDD632B66982E00D724BF /* Constants.swift in Sources */ = {isa = PBXBuildFile; fileRef = 2EADDD622B66982E00D724BF /* Constants.swift */; };
		2EADDD662B66D33500D724BF /* GameManager.swift in Sources */ = {isa = PBXBuildFile; fileRef = 2EADDD652B66D33500D724BF /* GameManager.swift */; };
		2EADDD682B66D52900D724BF /* GameViewModel.swift in Sources */ = {isa = PBXBuildFile; fileRef = 2EADDD672B66D52900D724BF /* GameViewModel.swift */; };
		2EADDD6B2B66D60900D724BF /* MainView.swift in Sources */ = {isa = PBXBuildFile; fileRef = 2EADDD6A2B66D60900D724BF /* MainView.swift */; };
		2EADDD6F2B66D65300D724BF /* MainViewModel.swift in Sources */ = {isa = PBXBuildFile; fileRef = 2EADDD6E2B66D65300D724BF /* MainViewModel.swift */; };
		2EADDD722B66E01700D724BF /* Localizable.strings in Resources */ = {isa = PBXBuildFile; fileRef = 2EADDD712B66E01700D724BF /* Localizable.strings */; };
		2EADDD752B66E06D00D724BF /* String.swift in Sources */ = {isa = PBXBuildFile; fileRef = 2EADDD742B66E06D00D724BF /* String.swift */; };
		2EB1E7D82B8BAF3A006199FB /* MenuTopHalfView.swift in Sources */ = {isa = PBXBuildFile; fileRef = 2EB1E7D72B8BAF39006199FB /* MenuTopHalfView.swift */; };
		2EB1E7DA2B8BAFCE006199FB /* MenuBottomHalfView.swift in Sources */ = {isa = PBXBuildFile; fileRef = 2EB1E7D92B8BAFCE006199FB /* MenuBottomHalfView.swift */; };
		2EE69A402B79902800DC44BE /* Array.swift in Sources */ = {isa = PBXBuildFile; fileRef = 2EE69A3F2B79902800DC44BE /* Array.swift */; };
		2EFD816D2B79856000CEB4A3 /* PlayerCube.swift in Sources */ = {isa = PBXBuildFile; fileRef = 2EFD816C2B79856000CEB4A3 /* PlayerCube.swift */; };
/* End PBXBuildFile section */

/* Begin PBXFileReference section */
		2E2BFFFB2B8141900074E69D /* DashCube.entitlements */ = {isa = PBXFileReference; lastKnownFileType = text.plist.entitlements; path = DashCube.entitlements; sourceTree = "<group>"; };
		2E2BFFFC2B81460A0074E69D /* GameCenterManager.swift */ = {isa = PBXFileReference; lastKnownFileType = sourcecode.swift; path = GameCenterManager.swift; sourceTree = "<group>"; };
		2E2BFFFF2B8175500074E69D /* GameCenterView.swift */ = {isa = PBXFileReference; lastKnownFileType = sourcecode.swift; path = GameCenterView.swift; sourceTree = "<group>"; };
		2E3E55BF2B8E89820045B1FE /* View.swift */ = {isa = PBXFileReference; lastKnownFileType = sourcecode.swift; path = View.swift; sourceTree = "<group>"; };
		2E447EB72B8FF79700173431 /* CubeSelectionView.swift */ = {isa = PBXFileReference; lastKnownFileType = sourcecode.swift; path = CubeSelectionView.swift; sourceTree = "<group>"; };
		2E52F0DE2B6AB7BE009014CF /* GameOverView.swift */ = {isa = PBXFileReference; lastKnownFileType = sourcecode.swift; path = GameOverView.swift; sourceTree = "<group>"; };
		2E52F0E12B6AC0BE009014CF /* RoundedGradientBorder.swift */ = {isa = PBXFileReference; lastKnownFileType = sourcecode.swift; path = RoundedGradientBorder.swift; sourceTree = "<group>"; };
		2E52F0E42B6AC282009014CF /* CustomButton.swift */ = {isa = PBXFileReference; lastKnownFileType = sourcecode.swift; path = CustomButton.swift; sourceTree = "<group>"; };
		2E5AD8B42B8D2CBD002FB4FC /* CubeColor.swift */ = {isa = PBXFileReference; lastKnownFileType = sourcecode.swift; path = CubeColor.swift; sourceTree = "<group>"; };
		2E6A25012B6B08BB00FB24DA /* CardStyle.swift */ = {isa = PBXFileReference; lastKnownFileType = sourcecode.swift; path = CardStyle.swift; sourceTree = "<group>"; };
		2E78123B2B66EE4D009CEE78 /* GameState.swift */ = {isa = PBXFileReference; lastKnownFileType = sourcecode.swift; path = GameState.swift; sourceTree = "<group>"; };
		2E78123F2B66EFEC009CEE78 /* MenuViewModel.swift */ = {isa = PBXFileReference; lastKnownFileType = sourcecode.swift; path = MenuViewModel.swift; sourceTree = "<group>"; };
		2E8ED5DA2B7C343700526D09 /* CubeAnimation.swift */ = {isa = PBXFileReference; lastKnownFileType = sourcecode.swift; path = CubeAnimation.swift; sourceTree = "<group>"; };
		2E97E7F02B86B13600839866 /* TapGestureManager.swift */ = {isa = PBXFileReference; lastKnownFileType = sourcecode.swift; path = TapGestureManager.swift; sourceTree = "<group>"; };
		2E99A0672B87D2C9008EAF43 /* VerticalLine.swift */ = {isa = PBXFileReference; lastKnownFileType = sourcecode.swift; path = VerticalLine.swift; sourceTree = "<group>"; };
		2E9ACA862B699D3D0090245B /* DeadZoneNode.swift */ = {isa = PBXFileReference; lastKnownFileType = sourcecode.swift; path = DeadZoneNode.swift; sourceTree = "<group>"; };
		2E9EC6602B795AB800141568 /* CubeNodeViewRepresentable.swift */ = {isa = PBXFileReference; lastKnownFileType = sourcecode.swift; path = CubeNodeViewRepresentable.swift; sourceTree = "<group>"; };
		2E9EC6622B795D6800141568 /* PlayerCubeView.swift */ = {isa = PBXFileReference; lastKnownFileType = sourcecode.swift; path = PlayerCubeView.swift; sourceTree = "<group>"; };
		2EA0A1562B8020D30014AE22 /* CubesManager.swift */ = {isa = PBXFileReference; lastKnownFileType = sourcecode.swift; path = CubesManager.swift; sourceTree = "<group>"; };
		2EA119D72B76D5F400F4B481 /* AmbientLightNode.swift */ = {isa = PBXFileReference; lastKnownFileType = sourcecode.swift; path = AmbientLightNode.swift; sourceTree = "<group>"; };
		2EA199B32B8E55CC009A42D0 /* UserProgressView.swift */ = {isa = PBXFileReference; lastKnownFileType = sourcecode.swift; path = UserProgressView.swift; sourceTree = "<group>"; };
		2EA341C32B68592C0046DE5A /* PlayerCubeNode.swift */ = {isa = PBXFileReference; lastKnownFileType = sourcecode.swift; path = PlayerCubeNode.swift; sourceTree = "<group>"; };
		2EA8946D2B8FEF9C0020D8DF /* CubeView.swift */ = {isa = PBXFileReference; lastKnownFileType = sourcecode.swift; path = CubeView.swift; sourceTree = "<group>"; };
		2EADDD262B66924000D724BF /* DashCube.app */ = {isa = PBXFileReference; explicitFileType = wrapper.application; includeInIndex = 0; path = DashCube.app; sourceTree = BUILT_PRODUCTS_DIR; };
		2EADDD292B66924000D724BF /* CubeDropApp.swift */ = {isa = PBXFileReference; lastKnownFileType = sourcecode.swift; path = CubeDropApp.swift; sourceTree = "<group>"; };
		2EADDD2B2B66924000D724BF /* ContentView.swift */ = {isa = PBXFileReference; lastKnownFileType = sourcecode.swift; path = ContentView.swift; sourceTree = "<group>"; };
		2EADDD2D2B66924300D724BF /* Assets.xcassets */ = {isa = PBXFileReference; lastKnownFileType = folder.assetcatalog; path = Assets.xcassets; sourceTree = "<group>"; };
		2EADDD302B66924300D724BF /* Preview Assets.xcassets */ = {isa = PBXFileReference; lastKnownFileType = folder.assetcatalog; path = "Preview Assets.xcassets"; sourceTree = "<group>"; };
		2EADDD462B66950B00D724BF /* GameView.swift */ = {isa = PBXFileReference; lastKnownFileType = sourcecode.swift; path = GameView.swift; sourceTree = "<group>"; };
		2EADDD482B66952600D724BF /* GameViewControllerWrapper.swift */ = {isa = PBXFileReference; lastKnownFileType = sourcecode.swift; path = GameViewControllerWrapper.swift; sourceTree = "<group>"; };
		2EADDD4B2B66977900D724BF /* GameViewController.swift */ = {isa = PBXFileReference; lastKnownFileType = sourcecode.swift; path = GameViewController.swift; sourceTree = "<group>"; };
		2EADDD4E2B6697A900D724BF /* TileManager.swift */ = {isa = PBXFileReference; fileEncoding = 4; lastKnownFileType = sourcecode.swift; path = TileManager.swift; sourceTree = "<group>"; };
		2EADDD502B6697A900D724BF /* SwipeGestureManager.swift */ = {isa = PBXFileReference; fileEncoding = 4; lastKnownFileType = sourcecode.swift; path = SwipeGestureManager.swift; sourceTree = "<group>"; };
		2EADDD552B6697C400D724BF /* TileCoordinates.swift */ = {isa = PBXFileReference; fileEncoding = 4; lastKnownFileType = sourcecode.swift; path = TileCoordinates.swift; sourceTree = "<group>"; };
		2EADDD592B6697E500D724BF /* TileNode.swift */ = {isa = PBXFileReference; fileEncoding = 4; lastKnownFileType = sourcecode.swift; path = TileNode.swift; sourceTree = "<group>"; };
		2EADDD5A2B6697E500D724BF /* CameraNode.swift */ = {isa = PBXFileReference; fileEncoding = 4; lastKnownFileType = sourcecode.swift; path = CameraNode.swift; sourceTree = "<group>"; };
		2EADDD5B2B6697E500D724BF /* DirectionalLightNode.swift */ = {isa = PBXFileReference; fileEncoding = 4; lastKnownFileType = sourcecode.swift; path = DirectionalLightNode.swift; sourceTree = "<group>"; };
		2EADDD602B66981C00D724BF /* Utils.swift */ = {isa = PBXFileReference; lastKnownFileType = sourcecode.swift; path = Utils.swift; sourceTree = "<group>"; };
		2EADDD622B66982E00D724BF /* Constants.swift */ = {isa = PBXFileReference; lastKnownFileType = sourcecode.swift; path = Constants.swift; sourceTree = "<group>"; };
		2EADDD652B66D33500D724BF /* GameManager.swift */ = {isa = PBXFileReference; lastKnownFileType = sourcecode.swift; path = GameManager.swift; sourceTree = "<group>"; };
		2EADDD672B66D52900D724BF /* GameViewModel.swift */ = {isa = PBXFileReference; lastKnownFileType = sourcecode.swift; path = GameViewModel.swift; sourceTree = "<group>"; };
		2EADDD6A2B66D60900D724BF /* MainView.swift */ = {isa = PBXFileReference; lastKnownFileType = sourcecode.swift; path = MainView.swift; sourceTree = "<group>"; };
		2EADDD6E2B66D65300D724BF /* MainViewModel.swift */ = {isa = PBXFileReference; lastKnownFileType = sourcecode.swift; path = MainViewModel.swift; sourceTree = "<group>"; };
		2EADDD712B66E01700D724BF /* Localizable.strings */ = {isa = PBXFileReference; lastKnownFileType = text.plist.strings; path = Localizable.strings; sourceTree = "<group>"; };
		2EADDD742B66E06D00D724BF /* String.swift */ = {isa = PBXFileReference; lastKnownFileType = sourcecode.swift; path = String.swift; sourceTree = "<group>"; };
		2EB1E7D72B8BAF39006199FB /* MenuTopHalfView.swift */ = {isa = PBXFileReference; lastKnownFileType = sourcecode.swift; path = MenuTopHalfView.swift; sourceTree = "<group>"; };
		2EB1E7D92B8BAFCE006199FB /* MenuBottomHalfView.swift */ = {isa = PBXFileReference; lastKnownFileType = sourcecode.swift; path = MenuBottomHalfView.swift; sourceTree = "<group>"; };
		2EE69A3F2B79902800DC44BE /* Array.swift */ = {isa = PBXFileReference; lastKnownFileType = sourcecode.swift; path = Array.swift; sourceTree = "<group>"; };
		2EFD816C2B79856000CEB4A3 /* PlayerCube.swift */ = {isa = PBXFileReference; lastKnownFileType = sourcecode.swift; path = PlayerCube.swift; sourceTree = "<group>"; };
/* End PBXFileReference section */

/* Begin PBXFrameworksBuildPhase section */
		2EADDD232B66924000D724BF /* Frameworks */ = {
			isa = PBXFrameworksBuildPhase;
			buildActionMask = 2147483647;
			files = (
			);
			runOnlyForDeploymentPostprocessing = 0;
		};
/* End PBXFrameworksBuildPhase section */

/* Begin PBXGroup section */
		2E2BFFFE2B8175350074E69D /* GameCenter */ = {
			isa = PBXGroup;
			children = (
				2E2BFFFF2B8175500074E69D /* GameCenterView.swift */,
			);
			path = GameCenter;
			sourceTree = "<group>";
		};
		2E447EB92B8FF87200173431 /* CubeSelection */ = {
			isa = PBXGroup;
			children = (
				2EA8946D2B8FEF9C0020D8DF /* CubeView.swift */,
				2E447EB72B8FF79700173431 /* CubeSelectionView.swift */,
			);
			path = CubeSelection;
			sourceTree = "<group>";
		};
		2E52F0E02B6AC0A2009014CF /* ViewModifiers */ = {
			isa = PBXGroup;
			children = (
				2E52F0E12B6AC0BE009014CF /* RoundedGradientBorder.swift */,
				2E6A25012B6B08BB00FB24DA /* CardStyle.swift */,
			);
			path = ViewModifiers;
			sourceTree = "<group>";
		};
		2E52F0E32B6AC26C009014CF /* Components */ = {
			isa = PBXGroup;
			children = (
				2E52F0E42B6AC282009014CF /* CustomButton.swift */,
				2E99A0672B87D2C9008EAF43 /* VerticalLine.swift */,
			);
			path = Components;
			sourceTree = "<group>";
		};
		2E78123A2B66EE42009CEE78 /* Models */ = {
			isa = PBXGroup;
			children = (
				2E78123B2B66EE4D009CEE78 /* GameState.swift */,
				2EFD816C2B79856000CEB4A3 /* PlayerCube.swift */,
				2E8ED5DA2B7C343700526D09 /* CubeAnimation.swift */,
				2E5AD8B42B8D2CBD002FB4FC /* CubeColor.swift */,
			);
			path = Models;
			sourceTree = "<group>";
		};
		2EA199B02B8E556A009A42D0 /* UserProgressView */ = {
			isa = PBXGroup;
			children = (
				2EA199B32B8E55CC009A42D0 /* UserProgressView.swift */,
			);
			path = UserProgressView;
			sourceTree = "<group>";
		};
		2EA199B12B8E5587009A42D0 /* StatsView */ = {
			isa = PBXGroup;
			children = (
			);
			path = StatsView;
			sourceTree = "<group>";
		};
		2EA199B22B8E559E009A42D0 /* CubesView */ = {
			isa = PBXGroup;
			children = (
				2E447EB92B8FF87200173431 /* CubeSelection */,
				2E9EC6602B795AB800141568 /* CubeNodeViewRepresentable.swift */,
				2E9EC6622B795D6800141568 /* PlayerCubeView.swift */,
			);
			path = CubesView;
			sourceTree = "<group>";
		};
		2EADDD1D2B66924000D724BF = {
			isa = PBXGroup;
			children = (
				2EADDD282B66924000D724BF /* DashCube */,
				2EADDD272B66924000D724BF /* Products */,
			);
			sourceTree = "<group>";
		};
		2EADDD272B66924000D724BF /* Products */ = {
			isa = PBXGroup;
			children = (
				2EADDD262B66924000D724BF /* DashCube.app */,
			);
			name = Products;
			sourceTree = "<group>";
		};
		2EADDD282B66924000D724BF /* DashCube */ = {
			isa = PBXGroup;
			children = (
				2E2BFFFB2B8141900074E69D /* DashCube.entitlements */,
				2EADDD442B66947B00D724BF /* App */,
				2E78123A2B66EE42009CEE78 /* Models */,
				2EADDD642B66D32700D724BF /* Managers */,
				2E2BFFFE2B8175350074E69D /* GameCenter */,
				2EADDD692B66D5EF00D724BF /* MainView */,
				2EADDD6C2B66D60D00D724BF /* MenuView */,
				2EADDD452B66950000D724BF /* GameView */,
				2EADDD372B66924D00D724BF /* Game */,
				2E52F0E32B6AC26C009014CF /* Components */,
				2EADDD702B66DFF400D724BF /* Utils */,
				2EADDD2D2B66924300D724BF /* Assets.xcassets */,
				2EADDD2F2B66924300D724BF /* Preview Content */,
			);
			path = DashCube;
			sourceTree = "<group>";
		};
		2EADDD2F2B66924300D724BF /* Preview Content */ = {
			isa = PBXGroup;
			children = (
				2EADDD302B66924300D724BF /* Preview Assets.xcassets */,
			);
			path = "Preview Content";
			sourceTree = "<group>";
		};
		2EADDD372B66924D00D724BF /* Game */ = {
			isa = PBXGroup;
			children = (
				2EADDD4A2B66976500D724BF /* GameViewController */,
				2EADDD572B6697D300D724BF /* Nodes */,
				2EADDD542B6697BC00D724BF /* Models */,
				2EADDD4D2B66979D00D724BF /* Managers */,
			);
			name = Game;
			path = "New Group";
			sourceTree = "<group>";
		};
		2EADDD442B66947B00D724BF /* App */ = {
			isa = PBXGroup;
			children = (
				2EADDD292B66924000D724BF /* CubeDropApp.swift */,
				2EADDD2B2B66924000D724BF /* ContentView.swift */,
			);
			path = App;
			sourceTree = "<group>";
		};
		2EADDD452B66950000D724BF /* GameView */ = {
			isa = PBXGroup;
			children = (
				2EADDD462B66950B00D724BF /* GameView.swift */,
				2EADDD482B66952600D724BF /* GameViewControllerWrapper.swift */,
				2EADDD672B66D52900D724BF /* GameViewModel.swift */,
				2E52F0DE2B6AB7BE009014CF /* GameOverView.swift */,
			);
			path = GameView;
			sourceTree = "<group>";
		};
		2EADDD4A2B66976500D724BF /* GameViewController */ = {
			isa = PBXGroup;
			children = (
				2EADDD4B2B66977900D724BF /* GameViewController.swift */,
			);
			path = GameViewController;
			sourceTree = "<group>";
		};
		2EADDD4D2B66979D00D724BF /* Managers */ = {
			isa = PBXGroup;
			children = (
				2EADDD502B6697A900D724BF /* SwipeGestureManager.swift */,
				2EADDD4E2B6697A900D724BF /* TileManager.swift */,
				2E97E7F02B86B13600839866 /* TapGestureManager.swift */,
			);
			path = Managers;
			sourceTree = "<group>";
		};
		2EADDD542B6697BC00D724BF /* Models */ = {
			isa = PBXGroup;
			children = (
				2EADDD552B6697C400D724BF /* TileCoordinates.swift */,
			);
			path = Models;
			sourceTree = "<group>";
		};
		2EADDD572B6697D300D724BF /* Nodes */ = {
			isa = PBXGroup;
			children = (
				2EADDD5A2B6697E500D724BF /* CameraNode.swift */,
				2EADDD5B2B6697E500D724BF /* DirectionalLightNode.swift */,
				2EA341C32B68592C0046DE5A /* PlayerCubeNode.swift */,
				2EADDD592B6697E500D724BF /* TileNode.swift */,
				2E9ACA862B699D3D0090245B /* DeadZoneNode.swift */,
				2EA119D72B76D5F400F4B481 /* AmbientLightNode.swift */,
			);
			path = Nodes;
			sourceTree = "<group>";
		};
		2EADDD642B66D32700D724BF /* Managers */ = {
			isa = PBXGroup;
			children = (
				2EADDD652B66D33500D724BF /* GameManager.swift */,
				2EA0A1562B8020D30014AE22 /* CubesManager.swift */,
				2E2BFFFC2B81460A0074E69D /* GameCenterManager.swift */,
			);
			path = Managers;
			sourceTree = "<group>";
		};
		2EADDD692B66D5EF00D724BF /* MainView */ = {
			isa = PBXGroup;
			children = (
				2EADDD6A2B66D60900D724BF /* MainView.swift */,
				2EADDD6E2B66D65300D724BF /* MainViewModel.swift */,
			);
			path = MainView;
			sourceTree = "<group>";
		};
		2EADDD6C2B66D60D00D724BF /* MenuView */ = {
			isa = PBXGroup;
			children = (
				2EA199B12B8E5587009A42D0 /* StatsView */,
				2EA199B22B8E559E009A42D0 /* CubesView */,
				2EA199B02B8E556A009A42D0 /* UserProgressView */,
				2E78123F2B66EFEC009CEE78 /* MenuViewModel.swift */,
				2EB1E7D72B8BAF39006199FB /* MenuTopHalfView.swift */,
				2EB1E7D92B8BAFCE006199FB /* MenuBottomHalfView.swift */,
			);
			path = MenuView;
			sourceTree = "<group>";
		};
		2EADDD702B66DFF400D724BF /* Utils */ = {
			isa = PBXGroup;
			children = (
				2E52F0E02B6AC0A2009014CF /* ViewModifiers */,
				2EADDD732B66E05E00D724BF /* Extensions */,
				2EADDD602B66981C00D724BF /* Utils.swift */,
				2EADDD622B66982E00D724BF /* Constants.swift */,
				2EADDD712B66E01700D724BF /* Localizable.strings */,
			);
			path = Utils;
			sourceTree = "<group>";
		};
		2EADDD732B66E05E00D724BF /* Extensions */ = {
			isa = PBXGroup;
			children = (
				2EADDD742B66E06D00D724BF /* String.swift */,
				2EE69A3F2B79902800DC44BE /* Array.swift */,
				2E3E55BF2B8E89820045B1FE /* View.swift */,
			);
			path = Extensions;
			sourceTree = "<group>";
		};
/* End PBXGroup section */

/* Begin PBXNativeTarget section */
		2EADDD252B66924000D724BF /* DashCube */ = {
			isa = PBXNativeTarget;
			buildConfigurationList = 2EADDD342B66924300D724BF /* Build configuration list for PBXNativeTarget "DashCube" */;
			buildPhases = (
				2EADDD222B66924000D724BF /* Sources */,
				2EADDD232B66924000D724BF /* Frameworks */,
				2EADDD242B66924000D724BF /* Resources */,
			);
			buildRules = (
			);
			dependencies = (
			);
			name = DashCube;
			productName = TileRoll;
			productReference = 2EADDD262B66924000D724BF /* DashCube.app */;
			productType = "com.apple.product-type.application";
		};
/* End PBXNativeTarget section */

/* Begin PBXProject section */
		2EADDD1E2B66924000D724BF /* Project object */ = {
			isa = PBXProject;
			attributes = {
				BuildIndependentTargetsInParallel = 1;
				LastSwiftUpdateCheck = 1520;
				LastUpgradeCheck = 1520;
				TargetAttributes = {
					2EADDD252B66924000D724BF = {
						CreatedOnToolsVersion = 15.2;
					};
				};
			};
			buildConfigurationList = 2EADDD212B66924000D724BF /* Build configuration list for PBXProject "DashCube" */;
			compatibilityVersion = "Xcode 14.0";
			developmentRegion = en;
			hasScannedForEncodings = 0;
			knownRegions = (
				en,
				Base,
			);
			mainGroup = 2EADDD1D2B66924000D724BF;
			productRefGroup = 2EADDD272B66924000D724BF /* Products */;
			projectDirPath = "";
			projectRoot = "";
			targets = (
				2EADDD252B66924000D724BF /* DashCube */,
			);
		};
/* End PBXProject section */

/* Begin PBXResourcesBuildPhase section */
		2EADDD242B66924000D724BF /* Resources */ = {
			isa = PBXResourcesBuildPhase;
			buildActionMask = 2147483647;
			files = (
				2EADDD312B66924300D724BF /* Preview Assets.xcassets in Resources */,
				2EADDD722B66E01700D724BF /* Localizable.strings in Resources */,
				2EADDD2E2B66924300D724BF /* Assets.xcassets in Resources */,
			);
			runOnlyForDeploymentPostprocessing = 0;
		};
/* End PBXResourcesBuildPhase section */

/* Begin PBXSourcesBuildPhase section */
		2EADDD222B66924000D724BF /* Sources */ = {
			isa = PBXSourcesBuildPhase;
			buildActionMask = 2147483647;
			files = (
				2EADDD752B66E06D00D724BF /* String.swift in Sources */,
				2EADDD562B6697C400D724BF /* TileCoordinates.swift in Sources */,
				2E52F0E52B6AC282009014CF /* CustomButton.swift in Sources */,
				2EB1E7DA2B8BAFCE006199FB /* MenuBottomHalfView.swift in Sources */,
				2EA119D82B76D5F400F4B481 /* AmbientLightNode.swift in Sources */,
				2EFD816D2B79856000CEB4A3 /* PlayerCube.swift in Sources */,
				2EE69A402B79902800DC44BE /* Array.swift in Sources */,
				2E9EC6612B795AB800141568 /* CubeNodeViewRepresentable.swift in Sources */,
				2EA341C42B68592D0046DE5A /* PlayerCubeNode.swift in Sources */,
				2E2BFFFD2B81460A0074E69D /* GameCenterManager.swift in Sources */,
				2EADDD4C2B66977900D724BF /* GameViewController.swift in Sources */,
				2E9EC6632B795D6800141568 /* PlayerCubeView.swift in Sources */,
				2EADDD5D2B6697E500D724BF /* TileNode.swift in Sources */,
				2E97E7F12B86B13600839866 /* TapGestureManager.swift in Sources */,
				2E447EB82B8FF79700173431 /* CubeSelectionView.swift in Sources */,
				2E52F0E22B6AC0BE009014CF /* RoundedGradientBorder.swift in Sources */,
				2EADDD612B66981C00D724BF /* Utils.swift in Sources */,
				2E5AD8B52B8D2CBD002FB4FC /* CubeColor.swift in Sources */,
				2E8ED5DB2B7C343700526D09 /* CubeAnimation.swift in Sources */,
				2E7812402B66EFEC009CEE78 /* MenuViewModel.swift in Sources */,
				2EADDD682B66D52900D724BF /* GameViewModel.swift in Sources */,
				2EADDD662B66D33500D724BF /* GameManager.swift in Sources */,
				2EA199B42B8E55CC009A42D0 /* UserProgressView.swift in Sources */,
				2E99A0682B87D2C9008EAF43 /* VerticalLine.swift in Sources */,
				2EB1E7D82B8BAF3A006199FB /* MenuTopHalfView.swift in Sources */,
				2EADDD632B66982E00D724BF /* Constants.swift in Sources */,
				2E6A25022B6B08BB00FB24DA /* CardStyle.swift in Sources */,
				2E3E55C02B8E89820045B1FE /* View.swift in Sources */,
				2E2B00002B8175500074E69D /* GameCenterView.swift in Sources */,
				2EADDD492B66952600D724BF /* GameViewControllerWrapper.swift in Sources */,
				2E9ACA872B699D3D0090245B /* DeadZoneNode.swift in Sources */,
				2EADDD5F2B6697E500D724BF /* DirectionalLightNode.swift in Sources */,
				2EADDD2C2B66924000D724BF /* ContentView.swift in Sources */,
				2EADDD6B2B66D60900D724BF /* MainView.swift in Sources */,
				2EADDD5E2B6697E500D724BF /* CameraNode.swift in Sources */,
				2EA8946E2B8FEF9C0020D8DF /* CubeView.swift in Sources */,
				2EADDD512B6697A900D724BF /* TileManager.swift in Sources */,
				2EADDD472B66950B00D724BF /* GameView.swift in Sources */,
				2E52F0DF2B6AB7BE009014CF /* GameOverView.swift in Sources */,
				2EADDD2A2B66924000D724BF /* CubeDropApp.swift in Sources */,
				2E78123C2B66EE4D009CEE78 /* GameState.swift in Sources */,
				2EADDD532B6697A900D724BF /* SwipeGestureManager.swift in Sources */,
				2EADDD6F2B66D65300D724BF /* MainViewModel.swift in Sources */,
				2EA0A1572B8020D30014AE22 /* CubesManager.swift in Sources */,
			);
			runOnlyForDeploymentPostprocessing = 0;
		};
/* End PBXSourcesBuildPhase section */

/* Begin XCBuildConfiguration section */
		2EADDD322B66924300D724BF /* Debug */ = {
			isa = XCBuildConfiguration;
			buildSettings = {
				ALWAYS_SEARCH_USER_PATHS = NO;
				ASSETCATALOG_COMPILER_GENERATE_SWIFT_ASSET_SYMBOL_EXTENSIONS = YES;
				CLANG_ANALYZER_NONNULL = YES;
				CLANG_ANALYZER_NUMBER_OBJECT_CONVERSION = YES_AGGRESSIVE;
				CLANG_CXX_LANGUAGE_STANDARD = "gnu++20";
				CLANG_ENABLE_MODULES = YES;
				CLANG_ENABLE_OBJC_ARC = YES;
				CLANG_ENABLE_OBJC_WEAK = YES;
				CLANG_WARN_BLOCK_CAPTURE_AUTORELEASING = YES;
				CLANG_WARN_BOOL_CONVERSION = YES;
				CLANG_WARN_COMMA = YES;
				CLANG_WARN_CONSTANT_CONVERSION = YES;
				CLANG_WARN_DEPRECATED_OBJC_IMPLEMENTATIONS = YES;
				CLANG_WARN_DIRECT_OBJC_ISA_USAGE = YES_ERROR;
				CLANG_WARN_DOCUMENTATION_COMMENTS = YES;
				CLANG_WARN_EMPTY_BODY = YES;
				CLANG_WARN_ENUM_CONVERSION = YES;
				CLANG_WARN_INFINITE_RECURSION = YES;
				CLANG_WARN_INT_CONVERSION = YES;
				CLANG_WARN_NON_LITERAL_NULL_CONVERSION = YES;
				CLANG_WARN_OBJC_IMPLICIT_RETAIN_SELF = YES;
				CLANG_WARN_OBJC_LITERAL_CONVERSION = YES;
				CLANG_WARN_OBJC_ROOT_CLASS = YES_ERROR;
				CLANG_WARN_QUOTED_INCLUDE_IN_FRAMEWORK_HEADER = YES;
				CLANG_WARN_RANGE_LOOP_ANALYSIS = YES;
				CLANG_WARN_STRICT_PROTOTYPES = YES;
				CLANG_WARN_SUSPICIOUS_MOVE = YES;
				CLANG_WARN_UNGUARDED_AVAILABILITY = YES_AGGRESSIVE;
				CLANG_WARN_UNREACHABLE_CODE = YES;
				CLANG_WARN__DUPLICATE_METHOD_MATCH = YES;
				COPY_PHASE_STRIP = NO;
				DEBUG_INFORMATION_FORMAT = dwarf;
				ENABLE_STRICT_OBJC_MSGSEND = YES;
				ENABLE_TESTABILITY = YES;
				ENABLE_USER_SCRIPT_SANDBOXING = YES;
				GCC_C_LANGUAGE_STANDARD = gnu17;
				GCC_DYNAMIC_NO_PIC = NO;
				GCC_NO_COMMON_BLOCKS = YES;
				GCC_OPTIMIZATION_LEVEL = 0;
				GCC_PREPROCESSOR_DEFINITIONS = (
					"DEBUG=1",
					"$(inherited)",
				);
				GCC_WARN_64_TO_32_BIT_CONVERSION = YES;
				GCC_WARN_ABOUT_RETURN_TYPE = YES_ERROR;
				GCC_WARN_UNDECLARED_SELECTOR = YES;
				GCC_WARN_UNINITIALIZED_AUTOS = YES_AGGRESSIVE;
				GCC_WARN_UNUSED_FUNCTION = YES;
				GCC_WARN_UNUSED_VARIABLE = YES;
				IPHONEOS_DEPLOYMENT_TARGET = 17.0;
				LOCALIZATION_PREFERS_STRING_CATALOGS = YES;
				MTL_ENABLE_DEBUG_INFO = INCLUDE_SOURCE;
				MTL_FAST_MATH = YES;
				ONLY_ACTIVE_ARCH = YES;
				SDKROOT = iphoneos;
				SWIFT_ACTIVE_COMPILATION_CONDITIONS = "DEBUG $(inherited)";
				SWIFT_OPTIMIZATION_LEVEL = "-Onone";
			};
			name = Debug;
		};
		2EADDD332B66924300D724BF /* Release */ = {
			isa = XCBuildConfiguration;
			buildSettings = {
				ALWAYS_SEARCH_USER_PATHS = NO;
				ASSETCATALOG_COMPILER_GENERATE_SWIFT_ASSET_SYMBOL_EXTENSIONS = YES;
				CLANG_ANALYZER_NONNULL = YES;
				CLANG_ANALYZER_NUMBER_OBJECT_CONVERSION = YES_AGGRESSIVE;
				CLANG_CXX_LANGUAGE_STANDARD = "gnu++20";
				CLANG_ENABLE_MODULES = YES;
				CLANG_ENABLE_OBJC_ARC = YES;
				CLANG_ENABLE_OBJC_WEAK = YES;
				CLANG_WARN_BLOCK_CAPTURE_AUTORELEASING = YES;
				CLANG_WARN_BOOL_CONVERSION = YES;
				CLANG_WARN_COMMA = YES;
				CLANG_WARN_CONSTANT_CONVERSION = YES;
				CLANG_WARN_DEPRECATED_OBJC_IMPLEMENTATIONS = YES;
				CLANG_WARN_DIRECT_OBJC_ISA_USAGE = YES_ERROR;
				CLANG_WARN_DOCUMENTATION_COMMENTS = YES;
				CLANG_WARN_EMPTY_BODY = YES;
				CLANG_WARN_ENUM_CONVERSION = YES;
				CLANG_WARN_INFINITE_RECURSION = YES;
				CLANG_WARN_INT_CONVERSION = YES;
				CLANG_WARN_NON_LITERAL_NULL_CONVERSION = YES;
				CLANG_WARN_OBJC_IMPLICIT_RETAIN_SELF = YES;
				CLANG_WARN_OBJC_LITERAL_CONVERSION = YES;
				CLANG_WARN_OBJC_ROOT_CLASS = YES_ERROR;
				CLANG_WARN_QUOTED_INCLUDE_IN_FRAMEWORK_HEADER = YES;
				CLANG_WARN_RANGE_LOOP_ANALYSIS = YES;
				CLANG_WARN_STRICT_PROTOTYPES = YES;
				CLANG_WARN_SUSPICIOUS_MOVE = YES;
				CLANG_WARN_UNGUARDED_AVAILABILITY = YES_AGGRESSIVE;
				CLANG_WARN_UNREACHABLE_CODE = YES;
				CLANG_WARN__DUPLICATE_METHOD_MATCH = YES;
				COPY_PHASE_STRIP = NO;
				DEBUG_INFORMATION_FORMAT = "dwarf-with-dsym";
				ENABLE_NS_ASSERTIONS = NO;
				ENABLE_STRICT_OBJC_MSGSEND = YES;
				ENABLE_USER_SCRIPT_SANDBOXING = YES;
				GCC_C_LANGUAGE_STANDARD = gnu17;
				GCC_NO_COMMON_BLOCKS = YES;
				GCC_WARN_64_TO_32_BIT_CONVERSION = YES;
				GCC_WARN_ABOUT_RETURN_TYPE = YES_ERROR;
				GCC_WARN_UNDECLARED_SELECTOR = YES;
				GCC_WARN_UNINITIALIZED_AUTOS = YES_AGGRESSIVE;
				GCC_WARN_UNUSED_FUNCTION = YES;
				GCC_WARN_UNUSED_VARIABLE = YES;
				IPHONEOS_DEPLOYMENT_TARGET = 17.0;
				LOCALIZATION_PREFERS_STRING_CATALOGS = YES;
				MTL_ENABLE_DEBUG_INFO = NO;
				MTL_FAST_MATH = YES;
				SDKROOT = iphoneos;
				SWIFT_COMPILATION_MODE = wholemodule;
				VALIDATE_PRODUCT = YES;
			};
			name = Release;
		};
		2EADDD352B66924300D724BF /* Debug */ = {
			isa = XCBuildConfiguration;
			buildSettings = {
				ASSETCATALOG_COMPILER_APPICON_NAME = AppIcon;
				ASSETCATALOG_COMPILER_GLOBAL_ACCENT_COLOR_NAME = AccentColor;
				CODE_SIGN_ENTITLEMENTS = DashCube/DashCube.entitlements;
				CODE_SIGN_STYLE = Automatic;
				CURRENT_PROJECT_VERSION = 1;
				DEVELOPMENT_ASSET_PATHS = "\"DashCube/Preview Content\"";
				DEVELOPMENT_TEAM = UD7DDMT4QH;
				ENABLE_PREVIEWS = YES;
				GENERATE_INFOPLIST_FILE = YES;
				INFOPLIST_KEY_CFBundleDisplayName = "Dash Cube";
				INFOPLIST_KEY_LSApplicationCategoryType = "public.app-category.arcade-games";
				INFOPLIST_KEY_UIApplicationSceneManifest_Generation = YES;
				INFOPLIST_KEY_UIApplicationSupportsIndirectInputEvents = YES;
				INFOPLIST_KEY_UILaunchScreen_Generation = YES;
				INFOPLIST_KEY_UIRequiresFullScreen = YES;
				INFOPLIST_KEY_UISupportedInterfaceOrientations = UIInterfaceOrientationPortrait;
				INFOPLIST_KEY_UISupportedInterfaceOrientations_iPad = "UIInterfaceOrientationPortrait UIInterfaceOrientationPortraitUpsideDown";
				IPHONEOS_DEPLOYMENT_TARGET = 17.0;
				LD_RUNPATH_SEARCH_PATHS = (
					"$(inherited)",
					"@executable_path/Frameworks",
				);
				MARKETING_VERSION = 1.0;
				PRODUCT_BUNDLE_IDENTIFIER = "com.greg-ross-dash-cube.DashCube";
				PRODUCT_NAME = "$(TARGET_NAME)";
				SUPPORTED_PLATFORMS = "iphoneos iphonesimulator";
				SUPPORTS_MACCATALYST = NO;
				SUPPORTS_MAC_DESIGNED_FOR_IPHONE_IPAD = NO;
				SUPPORTS_XR_DESIGNED_FOR_IPHONE_IPAD = NO;
				SWIFT_EMIT_LOC_STRINGS = YES;
				SWIFT_VERSION = 5.0;
				TARGETED_DEVICE_FAMILY = "1,2";
			};
			name = Debug;
		};
		2EADDD362B66924300D724BF /* Release */ = {
			isa = XCBuildConfiguration;
			buildSettings = {
				ASSETCATALOG_COMPILER_APPICON_NAME = AppIcon;
				ASSETCATALOG_COMPILER_GLOBAL_ACCENT_COLOR_NAME = AccentColor;
				CODE_SIGN_ENTITLEMENTS = DashCube/DashCube.entitlements;
				CODE_SIGN_STYLE = Automatic;
				CURRENT_PROJECT_VERSION = 1;
				DEVELOPMENT_ASSET_PATHS = "\"DashCube/Preview Content\"";
				DEVELOPMENT_TEAM = UD7DDMT4QH;
				ENABLE_PREVIEWS = YES;
				GENERATE_INFOPLIST_FILE = YES;
				INFOPLIST_KEY_CFBundleDisplayName = "Dash Cube";
				INFOPLIST_KEY_LSApplicationCategoryType = "public.app-category.arcade-games";
				INFOPLIST_KEY_UIApplicationSceneManifest_Generation = YES;
				INFOPLIST_KEY_UIApplicationSupportsIndirectInputEvents = YES;
				INFOPLIST_KEY_UILaunchScreen_Generation = YES;
				INFOPLIST_KEY_UIRequiresFullScreen = YES;
				INFOPLIST_KEY_UISupportedInterfaceOrientations = UIInterfaceOrientationPortrait;
				INFOPLIST_KEY_UISupportedInterfaceOrientations_iPad = "UIInterfaceOrientationPortrait UIInterfaceOrientationPortraitUpsideDown";
				IPHONEOS_DEPLOYMENT_TARGET = 17.0;
				LD_RUNPATH_SEARCH_PATHS = (
					"$(inherited)",
					"@executable_path/Frameworks",
				);
				MARKETING_VERSION = 1.0;
				PRODUCT_BUNDLE_IDENTIFIER = "com.greg-ross-dash-cube.DashCube";
				PRODUCT_NAME = "$(TARGET_NAME)";
				SUPPORTED_PLATFORMS = "iphoneos iphonesimulator";
				SUPPORTS_MACCATALYST = NO;
				SUPPORTS_MAC_DESIGNED_FOR_IPHONE_IPAD = NO;
				SUPPORTS_XR_DESIGNED_FOR_IPHONE_IPAD = NO;
				SWIFT_EMIT_LOC_STRINGS = YES;
				SWIFT_VERSION = 5.0;
				TARGETED_DEVICE_FAMILY = "1,2";
			};
			name = Release;
		};
/* End XCBuildConfiguration section */

/* Begin XCConfigurationList section */
		2EADDD212B66924000D724BF /* Build configuration list for PBXProject "DashCube" */ = {
			isa = XCConfigurationList;
			buildConfigurations = (
				2EADDD322B66924300D724BF /* Debug */,
				2EADDD332B66924300D724BF /* Release */,
			);
			defaultConfigurationIsVisible = 0;
			defaultConfigurationName = Release;
		};
		2EADDD342B66924300D724BF /* Build configuration list for PBXNativeTarget "DashCube" */ = {
			isa = XCConfigurationList;
			buildConfigurations = (
				2EADDD352B66924300D724BF /* Debug */,
				2EADDD362B66924300D724BF /* Release */,
			);
			defaultConfigurationIsVisible = 0;
			defaultConfigurationName = Release;
		};
/* End XCConfigurationList section */
	};
	rootObject = 2EADDD1E2B66924000D724BF /* Project object */;
}
